
Microsoft Visual Studio Solution File, Format Version 12.00
Project("{FAE04EC0-301F-11D3-BF4B-00C04F79EFBC}") = "AspNetCore.MultiplePipelines", "AspNetCore.MultiplePipelines\AspNetCore.MultiplePipelines.csproj", "{8D4944A6-692A-403E-B1CC-1BA25F1FA79E}"
EndProject
Project("{FAE04EC0-301F-11D3-BF4B-00C04F79EFBC}") = "AspNetCore.MultiplePipelines.Example", "AspNetCore.MultiplePipelines.Example\AspNetCore.MultiplePipelines.Example.csproj", "{EE727D2C-00B2-4064-BE16-64AD842176D5}"
EndProject
Project("{FAE04EC0-301F-11D3-BF4B-00C04F79EFBC}") = "AspNetCore.MultiplePipelines.Example.Mvc", "AspNetCore.MultiplePipelines.Example.Mvc\AspNetCore.MultiplePipelines.Example.Mvc.csproj", "{2E0C7546-584A-4748-B433-922F55D13DCE}"
EndProject
Global
	GlobalSection(SolutionConfigurationPlatforms) = preSolution
		Debug|Any CPU = Debug|Any CPU
		Release|Any CPU = Release|Any CPU
	EndGlobalSection
	GlobalSection(ProjectConfigurationPlatforms) = postSolution
		{8D4944A6-692A-403E-B1CC-1BA25F1FA79E}.Debug|Any CPU.ActiveCfg = Debug|Any CPU
		{8D4944A6-692A-403E-B1CC-1BA25F1FA79E}.Debug|Any CPU.Build.0 = Debug|Any CPU
		{8D4944A6-692A-403E-B1CC-1BA25F1FA79E}.Release|Any CPU.ActiveCfg = Release|Any CPU
		{8D4944A6-692A-403E-B1CC-1BA25F1FA79E}.Release|Any CPU.Build.0 = Release|Any CPU
		{EE727D2C-00B2-4064-BE16-64AD842176D5}.Debug|Any CPU.ActiveCfg = Debug|Any CPU
		{EE727D2C-00B2-4064-BE16-64AD842176D5}.Debug|Any CPU.Build.0 = Debug|Any CPU
		{EE727D2C-00B2-4064-BE16-64AD842176D5}.Release|Any CPU.ActiveCfg = Release|Any CPU
		{EE727D2C-00B2-4064-BE16-64AD842176D5}.Release|Any CPU.Build.0 = Release|Any CPU
		{2E0C7546-584A-4748-B433-922F55D13DCE}.Debug|Any CPU.ActiveCfg = Debug|Any CPU
		{2E0C7546-584A-4748-B433-922F55D13DCE}.Debug|Any CPU.Build.0 = Debug|Any CPU
		{2E0C7546-584A-4748-B433-922F55D13DCE}.Release|Any CPU.ActiveCfg = Release|Any CPU
		{2E0C7546-584A-4748-B433-922F55D13DCE}.Release|Any CPU.Build.0 = Release|Any CPU
	EndGlobalSection
EndGlobal
