
Microsoft Visual Studio Solution File, Format Version 12.00
Project("{FAE04EC0-301F-11D3-BF4B-00C04F79EFBC}") = "AspNetCore.ParallelPipelines", "AspNetCore.ParallelPipelines\AspNetCore.ParallelPipelines.csproj", "{8D4944A6-692A-403E-B1CC-1BA25F1FA79E}"
EndProject
Project("{FAE04EC0-301F-11D3-BF4B-00C04F79EFBC}") = "AspNetCore.ParallelPipelines.Example", "AspNetCore.ParallelPipelines.Example\AspNetCore.ParallelPipelines.Example.csproj", "{EE727D2C-00B2-4064-BE16-64AD842176D5}"
EndProject
Project("{FAE04EC0-301F-11D3-BF4B-00C04F79EFBC}") = "AspNetCore.ParallelPipelines.Example.Test", "AspNetCore.ParallelPipelines.Example.Test\AspNetCore.ParallelPipelines.Example.Test.csproj", "{F1B885D4-4B18-4DD8-880B-5ADB46B8A9A3}"
EndProject
Project("{FAE04EC0-301F-11D3-BF4B-00C04F79EFBC}") = "AspNetCore.ParallelPipelines.Example.Test2", "AspNetCore.ParallelPipelines.Example.Test2\AspNetCore.ParallelPipelines.Example.Test2.csproj", "{749B8BE9-7AAD-4808-8ECC-55BE1AA2017C}"
EndProject
Project("{FAE04EC0-301F-11D3-BF4B-00C04F79EFBC}") = "AspNetCore.ParallelPipelines.Example.Events", "AspNetCore.ParallelPipelines.Example.Events\AspNetCore.ParallelPipelines.Example.Events.csproj", "{AB812737-554B-4240-853E-3AD443538BF1}"
EndProject
Global
	GlobalSection(SolutionConfigurationPlatforms) = preSolution
		Debug|Any CPU = Debug|Any CPU
		Release|Any CPU = Release|Any CPU
	EndGlobalSection
	GlobalSection(ProjectConfigurationPlatforms) = postSolution
		{8D4944A6-692A-403E-B1CC-1BA25F1FA79E}.Debug|Any CPU.ActiveCfg = Debug|Any CPU
		{8D4944A6-692A-403E-B1CC-1BA25F1FA79E}.Debug|Any CPU.Build.0 = Debug|Any CPU
		{8D4944A6-692A-403E-B1CC-1BA25F1FA79E}.Release|Any CPU.ActiveCfg = Release|Any CPU
		{8D4944A6-692A-403E-B1CC-1BA25F1FA79E}.Release|Any CPU.Build.0 = Release|Any CPU
		{EE727D2C-00B2-4064-BE16-64AD842176D5}.Debug|Any CPU.ActiveCfg = Debug|Any CPU
		{EE727D2C-00B2-4064-BE16-64AD842176D5}.Debug|Any CPU.Build.0 = Debug|Any CPU
		{EE727D2C-00B2-4064-BE16-64AD842176D5}.Release|Any CPU.ActiveCfg = Release|Any CPU
		{EE727D2C-00B2-4064-BE16-64AD842176D5}.Release|Any CPU.Build.0 = Release|Any CPU
		{F1B885D4-4B18-4DD8-880B-5ADB46B8A9A3}.Debug|Any CPU.ActiveCfg = Debug|Any CPU
		{F1B885D4-4B18-4DD8-880B-5ADB46B8A9A3}.Debug|Any CPU.Build.0 = Debug|Any CPU
		{F1B885D4-4B18-4DD8-880B-5ADB46B8A9A3}.Release|Any CPU.ActiveCfg = Release|Any CPU
		{F1B885D4-4B18-4DD8-880B-5ADB46B8A9A3}.Release|Any CPU.Build.0 = Release|Any CPU
		{749B8BE9-7AAD-4808-8ECC-55BE1AA2017C}.Debug|Any CPU.ActiveCfg = Debug|Any CPU
		{749B8BE9-7AAD-4808-8ECC-55BE1AA2017C}.Debug|Any CPU.Build.0 = Debug|Any CPU
		{749B8BE9-7AAD-4808-8ECC-55BE1AA2017C}.Release|Any CPU.ActiveCfg = Release|Any CPU
		{749B8BE9-7AAD-4808-8ECC-55BE1AA2017C}.Release|Any CPU.Build.0 = Release|Any CPU
		{AB812737-554B-4240-853E-3AD443538BF1}.Debug|Any CPU.ActiveCfg = Debug|Any CPU
		{AB812737-554B-4240-853E-3AD443538BF1}.Debug|Any CPU.Build.0 = Debug|Any CPU
		{AB812737-554B-4240-853E-3AD443538BF1}.Release|Any CPU.ActiveCfg = Release|Any CPU
		{AB812737-554B-4240-853E-3AD443538BF1}.Release|Any CPU.Build.0 = Release|Any CPU
	EndGlobalSection
EndGlobal
